
Microsoft Visual Studio Solution File, Format Version 12.00
# Visual Studio Version 16
VisualStudioVersion = 16.0.31729.503
MinimumVisualStudioVersion = 10.0.40219.1
Project("{FAE04EC0-301F-11D3-BF4B-00C04F79EFBC}") = "DangNhap", "DangNhap\DangNhap.csproj", "{C3EBDB60-8A75-4B6E-B4A9-D152A282E748}"
EndProject
Global
	GlobalSection(SolutionConfigurationPlatforms) = preSolution
		Debug|Any CPU = Debug|Any CPU
		Release|Any CPU = Release|Any CPU
	EndGlobalSection
	GlobalSection(ProjectConfigurationPlatforms) = postSolution
		{C3EBDB60-8A75-4B6E-B4A9-D152A282E748}.Debug|Any CPU.ActiveCfg = Debug|Any CPU
		{C3EBDB60-8A75-4B6E-B4A9-D152A282E748}.Debug|Any CPU.Build.0 = Debug|Any CPU
		{C3EBDB60-8A75-4B6E-B4A9-D152A282E748}.Release|Any CPU.ActiveCfg = Release|Any CPU
		{C3EBDB60-8A75-4B6E-B4A9-D152A282E748}.Release|Any CPU.Build.0 = Release|Any CPU
	EndGlobalSection
	GlobalSection(SolutionProperties) = preSolution
		HideSolutionNode = FALSE
	EndGlobalSection
	GlobalSection(ExtensibilityGlobals) = postSolution
		SolutionGuid = {47B6F477-789D-4518-9B03-F1ACEA7AD580}
	EndGlobalSection
EndGlobal
